
Microsoft Visual Studio Solution File, Format Version 12.00
# Visual Studio Version 17
VisualStudioVersion = 17.6.33829.357
MinimumVisualStudioVersion = 10.0.40219.1
Project("{FAE04EC0-301F-11D3-BF4B-00C04F79EFBC}") = "Token_Validation", "Token_Validation\Token_Validation.csproj", "{04E90556-52B8-4E97-B4F3-E2168CA4A1F1}"
EndProject
Global
	GlobalSection(SolutionConfigurationPlatforms) = preSolution
		Debug|Any CPU = Debug|Any CPU
		Release|Any CPU = Release|Any CPU
	EndGlobalSection
	GlobalSection(ProjectConfigurationPlatforms) = postSolution
		{04E90556-52B8-4E97-B4F3-E2168CA4A1F1}.Debug|Any CPU.ActiveCfg = Debug|Any CPU
		{04E90556-52B8-4E97-B4F3-E2168CA4A1F1}.Debug|Any CPU.Build.0 = Debug|Any CPU
		{04E90556-52B8-4E97-B4F3-E2168CA4A1F1}.Release|Any CPU.ActiveCfg = Release|Any CPU
		{04E90556-52B8-4E97-B4F3-E2168CA4A1F1}.Release|Any CPU.Build.0 = Release|Any CPU
	EndGlobalSection
	GlobalSection(SolutionProperties) = preSolution
		HideSolutionNode = FALSE
	EndGlobalSection
	GlobalSection(ExtensibilityGlobals) = postSolution
		SolutionGuid = {77533958-EDEE-41DB-9521-F3529DAF1B4D}
	EndGlobalSection
EndGlobal
